
Microsoft Visual Studio Solution File, Format Version 12.00
# Visual Studio 15
VisualStudioVersion = 15.0.28010.2026
MinimumVisualStudioVersion = 10.0.40219.1
Project("{FAE04EC0-301F-11D3-BF4B-00C04F79EFBC}") = "ResumeWebsite", "ResumeWebsite\ResumeWebsite.csproj", "{AD8EA891-C4ED-494B-ABC5-D66B1075F46C}"
EndProject
Global
	GlobalSection(SolutionConfigurationPlatforms) = preSolution
		Debug|Any CPU = Debug|Any CPU
		Release|Any CPU = Release|Any CPU
	EndGlobalSection
	GlobalSection(ProjectConfigurationPlatforms) = postSolution
		{AD8EA891-C4ED-494B-ABC5-D66B1075F46C}.Debug|Any CPU.ActiveCfg = Debug|Any CPU
		{AD8EA891-C4ED-494B-ABC5-D66B1075F46C}.Debug|Any CPU.Build.0 = Debug|Any CPU
		{AD8EA891-C4ED-494B-ABC5-D66B1075F46C}.Release|Any CPU.ActiveCfg = Release|Any CPU
		{AD8EA891-C4ED-494B-ABC5-D66B1075F46C}.Release|Any CPU.Build.0 = Release|Any CPU
	EndGlobalSection
	GlobalSection(SolutionProperties) = preSolution
		HideSolutionNode = FALSE
	EndGlobalSection
	GlobalSection(ExtensibilityGlobals) = postSolution
		SolutionGuid = {DC44A451-9400-48A1-8B41-72B8B6A9FBA7}
	EndGlobalSection
EndGlobal
